
Microsoft Visual Studio Solution File, Format Version 12.00
# Visual Studio Version 17
VisualStudioVersion = 17.1.32328.378
MinimumVisualStudioVersion = 10.0.40219.1
Project("{FAE04EC0-301F-11D3-BF4B-00C04F79EFBC}") = "JustCleanDiploma", "JustCleanDiploma\JustCleanDiploma.csproj", "{A873B125-5242-4B33-BE54-4E37FBB88B9F}"
EndProject
Project("{FAE04EC0-301F-11D3-BF4B-00C04F79EFBC}") = "WorkingLibrary", "WorkingLibrary\WorkingLibrary.csproj", "{7950EDD9-E2D6-4B27-93DA-41920F1ED510}"
EndProject
Global
	GlobalSection(SolutionConfigurationPlatforms) = preSolution
		Debug|Any CPU = Debug|Any CPU
		Release|Any CPU = Release|Any CPU
	EndGlobalSection
	GlobalSection(ProjectConfigurationPlatforms) = postSolution
		{A873B125-5242-4B33-BE54-4E37FBB88B9F}.Debug|Any CPU.ActiveCfg = Debug|Any CPU
		{A873B125-5242-4B33-BE54-4E37FBB88B9F}.Debug|Any CPU.Build.0 = Debug|Any CPU
		{A873B125-5242-4B33-BE54-4E37FBB88B9F}.Release|Any CPU.ActiveCfg = Release|Any CPU
		{A873B125-5242-4B33-BE54-4E37FBB88B9F}.Release|Any CPU.Build.0 = Release|Any CPU
		{7950EDD9-E2D6-4B27-93DA-41920F1ED510}.Debug|Any CPU.ActiveCfg = Debug|Any CPU
		{7950EDD9-E2D6-4B27-93DA-41920F1ED510}.Debug|Any CPU.Build.0 = Debug|Any CPU
		{7950EDD9-E2D6-4B27-93DA-41920F1ED510}.Release|Any CPU.ActiveCfg = Release|Any CPU
		{7950EDD9-E2D6-4B27-93DA-41920F1ED510}.Release|Any CPU.Build.0 = Release|Any CPU
	EndGlobalSection
	GlobalSection(SolutionProperties) = preSolution
		HideSolutionNode = FALSE
	EndGlobalSection
	GlobalSection(ExtensibilityGlobals) = postSolution
		SolutionGuid = {CCB6BA52-8034-412F-869C-480390D1C58D}
	EndGlobalSection
EndGlobal
